
Microsoft Visual Studio Solution File, Format Version 12.00
Project("{FAE04EC0-301F-11D3-BF4B-00C04F79EFBC}") = "Nerbotix.Domain", "src\Nerbotix.Domain\Nerbotix.Domain.csproj", "{73850F6B-F725-40F2-B16E-FEFDE3516D48}"
EndProject
Project("{FAE04EC0-301F-11D3-BF4B-00C04F79EFBC}") = "Nerbotix.Application", "src\Nerbotix.Application\Nerbotix.Application.csproj", "{090A4C67-5E58-49C2-AF4F-B7CC6A5CC362}"
EndProject
Project("{FAE04EC0-301F-11D3-BF4B-00C04F79EFBC}") = "Nerbotix.Infrastructure", "src\Nerbotix.Infrastructure\Nerbotix.Infrastructure.csproj", "{A2673127-DCF7-4B30-BBE8-34CE4C25EB73}"
EndProject
Project("{FAE04EC0-301F-11D3-BF4B-00C04F79EFBC}") = "Nerbotix.Api", "src\Nerbotix.Api\Nerbotix.Api.csproj", "{161D998E-A5DD-4846-8D77-43AA27D12FBB}"
EndProject
Project("{2150E333-8FDC-42A3-9474-1A3956D46DE8}") = "Solution Items", "Solution Items", "{8075F1AD-773D-4C79-9763-5949535F724E}"
	ProjectSection(SolutionItems) = preProject
		docker-compose.yaml = docker-compose.yaml
	EndProjectSection
EndProject
Project("{FAE04EC0-301F-11D3-BF4B-00C04F79EFBC}") = "Nerbotix.TestRobotApi", "src\Nerbotix.TestRobotApi\Nerbotix.TestRobotApi.csproj", "{EB3F3288-4400-4E7A-8FC4-3764BAA837E0}"
EndProject
Global
	GlobalSection(SolutionConfigurationPlatforms) = preSolution
		Debug|Any CPU = Debug|Any CPU
		Release|Any CPU = Release|Any CPU
	EndGlobalSection
	GlobalSection(ProjectConfigurationPlatforms) = postSolution
		{73850F6B-F725-40F2-B16E-FEFDE3516D48}.Debug|Any CPU.ActiveCfg = Debug|Any CPU
		{73850F6B-F725-40F2-B16E-FEFDE3516D48}.Debug|Any CPU.Build.0 = Debug|Any CPU
		{73850F6B-F725-40F2-B16E-FEFDE3516D48}.Release|Any CPU.ActiveCfg = Release|Any CPU
		{73850F6B-F725-40F2-B16E-FEFDE3516D48}.Release|Any CPU.Build.0 = Release|Any CPU
		{090A4C67-5E58-49C2-AF4F-B7CC6A5CC362}.Debug|Any CPU.ActiveCfg = Debug|Any CPU
		{090A4C67-5E58-49C2-AF4F-B7CC6A5CC362}.Debug|Any CPU.Build.0 = Debug|Any CPU
		{090A4C67-5E58-49C2-AF4F-B7CC6A5CC362}.Release|Any CPU.ActiveCfg = Release|Any CPU
		{090A4C67-5E58-49C2-AF4F-B7CC6A5CC362}.Release|Any CPU.Build.0 = Release|Any CPU
		{A2673127-DCF7-4B30-BBE8-34CE4C25EB73}.Debug|Any CPU.ActiveCfg = Debug|Any CPU
		{A2673127-DCF7-4B30-BBE8-34CE4C25EB73}.Debug|Any CPU.Build.0 = Debug|Any CPU
		{A2673127-DCF7-4B30-BBE8-34CE4C25EB73}.Release|Any CPU.ActiveCfg = Release|Any CPU
		{A2673127-DCF7-4B30-BBE8-34CE4C25EB73}.Release|Any CPU.Build.0 = Release|Any CPU
		{161D998E-A5DD-4846-8D77-43AA27D12FBB}.Debug|Any CPU.ActiveCfg = Debug|Any CPU
		{161D998E-A5DD-4846-8D77-43AA27D12FBB}.Debug|Any CPU.Build.0 = Debug|Any CPU
		{161D998E-A5DD-4846-8D77-43AA27D12FBB}.Release|Any CPU.ActiveCfg = Release|Any CPU
		{161D998E-A5DD-4846-8D77-43AA27D12FBB}.Release|Any CPU.Build.0 = Release|Any CPU
		{EB3F3288-4400-4E7A-8FC4-3764BAA837E0}.Debug|Any CPU.ActiveCfg = Debug|Any CPU
		{EB3F3288-4400-4E7A-8FC4-3764BAA837E0}.Debug|Any CPU.Build.0 = Debug|Any CPU
		{EB3F3288-4400-4E7A-8FC4-3764BAA837E0}.Release|Any CPU.ActiveCfg = Release|Any CPU
		{EB3F3288-4400-4E7A-8FC4-3764BAA837E0}.Release|Any CPU.Build.0 = Release|Any CPU
	EndGlobalSection
EndGlobal
